
Microsoft Visual Studio Solution File, Format Version 12.00
# Visual Studio 15
VisualStudioVersion = 15.0.27004.2002
MinimumVisualStudioVersion = 10.0.40219.1
Project("{FAE04EC0-301F-11D3-BF4B-00C04F79EFBC}") = "Restaurant_Rvw", "Restaurant_Rvw\Restaurant_Rvw.csproj", "{C1B40506-590E-4115-B701-BA52123C213D}"
EndProject
Project("{FAE04EC0-301F-11D3-BF4B-00C04F79EFBC}") = "Restaurant_Rvw.Tests", "Restaurant_Rvw.Tests\Restaurant_Rvw.Tests.csproj", "{6B4C7FF5-6921-4931-851D-AA38BDF4218C}"
EndProject
Global
	GlobalSection(SolutionConfigurationPlatforms) = preSolution
		Debug|Any CPU = Debug|Any CPU
		Release|Any CPU = Release|Any CPU
	EndGlobalSection
	GlobalSection(ProjectConfigurationPlatforms) = postSolution
		{C1B40506-590E-4115-B701-BA52123C213D}.Debug|Any CPU.ActiveCfg = Debug|Any CPU
		{C1B40506-590E-4115-B701-BA52123C213D}.Debug|Any CPU.Build.0 = Debug|Any CPU
		{C1B40506-590E-4115-B701-BA52123C213D}.Release|Any CPU.ActiveCfg = Release|Any CPU
		{C1B40506-590E-4115-B701-BA52123C213D}.Release|Any CPU.Build.0 = Release|Any CPU
		{6B4C7FF5-6921-4931-851D-AA38BDF4218C}.Debug|Any CPU.ActiveCfg = Debug|Any CPU
		{6B4C7FF5-6921-4931-851D-AA38BDF4218C}.Debug|Any CPU.Build.0 = Debug|Any CPU
		{6B4C7FF5-6921-4931-851D-AA38BDF4218C}.Release|Any CPU.ActiveCfg = Release|Any CPU
		{6B4C7FF5-6921-4931-851D-AA38BDF4218C}.Release|Any CPU.Build.0 = Release|Any CPU
	EndGlobalSection
	GlobalSection(SolutionProperties) = preSolution
		HideSolutionNode = FALSE
	EndGlobalSection
	GlobalSection(ExtensibilityGlobals) = postSolution
		SolutionGuid = {5DFA71E6-FABE-4AB3-9602-C11D5A0F2611}
	EndGlobalSection
EndGlobal
